
Microsoft Visual Studio Solution File, Format Version 12.00
# Visual Studio Version 16
VisualStudioVersion = 16.0.30320.27
MinimumVisualStudioVersion = 10.0.40219.1
Project("{FAE04EC0-301F-11D3-BF4B-00C04F79EFBC}") = "MarkV111V1DemoApplication", "MarkV111V1DemoApplication\MarkV111V1DemoApplication.csproj", "{5233F4CC-E0C3-461F-BF09-6F79F32972B2}"
EndProject
Global
	GlobalSection(SolutionConfigurationPlatforms) = preSolution
		Debug|Any CPU = Debug|Any CPU
		Release|Any CPU = Release|Any CPU
	EndGlobalSection
	GlobalSection(ProjectConfigurationPlatforms) = postSolution
		{5233F4CC-E0C3-461F-BF09-6F79F32972B2}.Debug|Any CPU.ActiveCfg = Debug|Any CPU
		{5233F4CC-E0C3-461F-BF09-6F79F32972B2}.Debug|Any CPU.Build.0 = Debug|Any CPU
		{5233F4CC-E0C3-461F-BF09-6F79F32972B2}.Release|Any CPU.ActiveCfg = Release|Any CPU
		{5233F4CC-E0C3-461F-BF09-6F79F32972B2}.Release|Any CPU.Build.0 = Release|Any CPU
	EndGlobalSection
	GlobalSection(SolutionProperties) = preSolution
		HideSolutionNode = FALSE
	EndGlobalSection
	GlobalSection(ExtensibilityGlobals) = postSolution
		SolutionGuid = {A70EF244-53D0-4CE1-9040-50EBAE6750C4}
	EndGlobalSection
EndGlobal
